PODS:
  - Alamofire (4.8.1)
  - Kingfisher (5.1.0)
  - ReachabilitySwift (4.3.0)

DEPENDENCIES:
  - Alamofire
  - Kingfisher
  - ReachabilitySwift

SPEC REPOS:
  https://github.com/cocoapods/specs.git:
    - Alamofire
    - Kingfisher
    - ReachabilitySwift

SPEC CHECKSUMS:
  Alamofire: 16ce2c353fb72865124ddae8a57c5942388f4f11
  Kingfisher: fcec238063d17404fca89bf0a850583211c4cbf6
  ReachabilitySwift: 408477d1b6ed9779dba301953171e017c31241f3

PODFILE CHECKSUM: 19f3e5480b7be2d1adb7376e6dac55ac0953171e

COCOAPODS: 1.6.1
