// !$*UTF8*$!
{
	archiveVersion = 1;
	classes = {
	};
	objectVersion = 50;
	objects = {

/* Begin PBXBuildFile section */
		ED086B5A22FF31AF00016124 /* AppDelegate.swift in Sources */ = {isa = PBXBuildFile; fileRef = ED086B5922FF31AF00016124 /* AppDelegate.swift */; };
		ED086B5C22FF31AF00016124 /* LoginVC.swift in Sources */ = {isa = PBXBuildFile; fileRef = ED086B5B22FF31AF00016124 /* LoginVC.swift */; };
		ED086B6122FF31B100016124 /* Assets.xcassets in Resources */ = {isa = PBXBuildFile; fileRef = ED086B6022FF31B100016124 /* Assets.xcassets */; };
		ED086B7022FF321A00016124 /* LaunchScreen.storyboard in Resources */ = {isa = PBXBuildFile; fileRef = ED086B6C22FF321A00016124 /* LaunchScreen.storyboard */; };
		ED086B7122FF321A00016124 /* Main.storyboard in Resources */ = {isa = PBXBuildFile; fileRef = ED086B6E22FF321A00016124 /* Main.storyboard */; };
/* End PBXBuildFile section */

/* Begin PBXFileReference section */
		ED086B5622FF31AF00016124 /* MovieBest.app */ = {isa = PBXFileReference; explicitFileType = wrapper.application; includeInIndex = 0; path = MovieBest.app; sourceTree = BUILT_PRODUCTS_DIR; };
		ED086B5922FF31AF00016124 /* AppDelegate.swift */ = {isa = PBXFileReference; lastKnownFileType = sourcecode.swift; path = AppDelegate.swift; sourceTree = "<group>"; };
		ED086B5B22FF31AF00016124 /* LoginVC.swift */ = {isa = PBXFileReference; lastKnownFileType = sourcecode.swift; path = LoginVC.swift; sourceTree = "<group>"; };
		ED086B6022FF31B100016124 /* Assets.xcassets */ = {isa = PBXFileReference; lastKnownFileType = folder.assetcatalog; path = Assets.xcassets; sourceTree = "<group>"; };
		ED086B6522FF31B100016124 /* Info.plist */ = {isa = PBXFileReference; lastKnownFileType = text.plist.xml; path = Info.plist; sourceTree = "<group>"; };
		ED086B6D22FF321A00016124 /* Base */ = {isa = PBXFileReference; lastKnownFileType = file.storyboard; name = Base; path = Base.lproj/LaunchScreen.storyboard; sourceTree = "<group>"; };
		ED086B6F22FF321A00016124 /* Base */ = {isa = PBXFileReference; lastKnownFileType = file.storyboard; name = Base; path = Base.lproj/Main.storyboard; sourceTree = "<group>"; };
/* End PBXFileReference section */

/* Begin PBXFrameworksBuildPhase section */
		ED086B5322FF31AF00016124 /* Frameworks */ = {
			isa = PBXFrameworksBuildPhase;
			buildActionMask = 2147483647;
			files = (
			);
			runOnlyForDeploymentPostprocessing = 0;
		};
/* End PBXFrameworksBuildPhase section */

/* Begin PBXGroup section */
		ED086B4D22FF31AF00016124 = {
			isa = PBXGroup;
			children = (
				ED086B5822FF31AF00016124 /* MovieBest */,
				ED086B5722FF31AF00016124 /* Products */,
			);
			sourceTree = "<group>";
		};
		ED086B5722FF31AF00016124 /* Products */ = {
			isa = PBXGroup;
			children = (
				ED086B5622FF31AF00016124 /* MovieBest.app */,
			);
			name = Products;
			sourceTree = "<group>";
		};
		ED086B5822FF31AF00016124 /* MovieBest */ = {
			isa = PBXGroup;
			children = (
				ED086B5922FF31AF00016124 /* AppDelegate.swift */,
				ED086B5B22FF31AF00016124 /* LoginVC.swift */,
				ED086B6B22FF321A00016124 /* StoryBoard */,
				ED086B6022FF31B100016124 /* Assets.xcassets */,
				ED086B6522FF31B100016124 /* Info.plist */,
			);
			path = MovieBest;
			sourceTree = "<group>";
		};
		ED086B6B22FF321A00016124 /* StoryBoard */ = {
			isa = PBXGroup;
			children = (
				ED086B6C22FF321A00016124 /* LaunchScreen.storyboard */,
				ED086B6E22FF321A00016124 /* Main.storyboard */,
			);
			path = StoryBoard;
			sourceTree = "<group>";
		};
/* End PBXGroup section */

/* Begin PBXNativeTarget section */
		ED086B5522FF31AF00016124 /* MovieBest */ = {
			isa = PBXNativeTarget;
			buildConfigurationList = ED086B6822FF31B100016124 /* Build configuration list for PBXNativeTarget "MovieBest" */;
			buildPhases = (
				ED086B5222FF31AF00016124 /* Sources */,
				ED086B5322FF31AF00016124 /* Frameworks */,
				ED086B5422FF31AF00016124 /* Resources */,
			);
			buildRules = (
			);
			dependencies = (
			);
			name = MovieBest;
			productName = MovieBest;
			productReference = ED086B5622FF31AF00016124 /* MovieBest.app */;
			productType = "com.apple.product-type.application";
		};
/* End PBXNativeTarget section */

/* Begin PBXProject section */
		ED086B4E22FF31AF00016124 /* Project object */ = {
			isa = PBXProject;
			attributes = {
				LastSwiftUpdateCheck = 1010;
				LastUpgradeCheck = 1010;
				ORGANIZATIONNAME = "Amr fawzy";
				TargetAttributes = {
					ED086B5522FF31AF00016124 = {
						CreatedOnToolsVersion = 10.1;
					};
				};
			};
			buildConfigurationList = ED086B5122FF31AF00016124 /* Build configuration list for PBXProject "MovieBest" */;
			compatibilityVersion = "Xcode 9.3";
			developmentRegion = en;
			hasScannedForEncodings = 0;
			knownRegions = (
				en,
				Base,
			);
			mainGroup = ED086B4D22FF31AF00016124;
			productRefGroup = ED086B5722FF31AF00016124 /* Products */;
			projectDirPath = "";
			projectRoot = "";
			targets = (
				ED086B5522FF31AF00016124 /* MovieBest */,
			);
		};
/* End PBXProject section */

/* Begin PBXResourcesBuildPhase section */
		ED086B5422FF31AF00016124 /* Resources */ = {
			isa = PBXResourcesBuildPhase;
			buildActionMask = 2147483647;
			files = (
				ED086B7122FF321A00016124 /* Main.storyboard in Resources */,
				ED086B6122FF31B100016124 /* Assets.xcassets in Resources */,
				ED086B7022FF321A00016124 /* LaunchScreen.storyboard in Resources */,
			);
			runOnlyForDeploymentPostprocessing = 0;
		};
/* End PBXResourcesBuildPhase section */

/* Begin PBXSourcesBuildPhase section */
		ED086B5222FF31AF00016124 /* Sources */ = {
			isa = PBXSourcesBuildPhase;
			buildActionMask = 2147483647;
			files = (
				ED086B5C22FF31AF00016124 /* LoginVC.swift in Sources */,
				ED086B5A22FF31AF00016124 /* AppDelegate.swift in Sources */,
			);
			runOnlyForDeploymentPostprocessing = 0;
		};
/* End PBXSourcesBuildPhase section */

/* Begin PBXVariantGroup section */
		ED086B6C22FF321A00016124 /* LaunchScreen.storyboard */ = {
			isa = PBXVariantGroup;
			children = (
				ED086B6D22FF321A00016124 /* Base */,
			);
			name = LaunchScreen.storyboard;
			sourceTree = "<group>";
		};
		ED086B6E22FF321A00016124 /* Main.storyboard */ = {
			isa = PBXVariantGroup;
			children = (
				ED086B6F22FF321A00016124 /* Base */,
			);
			name = Main.storyboard;
			sourceTree = "<group>";
		};
/* End PBXVariantGroup section */

/* Begin XCBuildConfiguration section */
		ED086B6622FF31B100016124 /* Debug */ = {
			isa = XCBuildConfiguration;
			buildSettings = {
				ALWAYS_SEARCH_USER_PATHS = NO;
				CLANG_ANALYZER_NONNULL = YES;
				CLANG_ANALYZER_NUMBER_OBJECT_CONVERSION = YES_AGGRESSIVE;
				CLANG_CXX_LANGUAGE_STANDARD = "gnu++14";
				CLANG_CXX_LIBRARY = "libc++";
				CLANG_ENABLE_MODULES = YES;
				CLANG_ENABLE_OBJC_ARC = YES;
				CLANG_ENABLE_OBJC_WEAK = YES;
				CLANG_WARN_BLOCK_CAPTURE_AUTORELEASING = YES;
				CLANG_WARN_BOOL_CONVERSION = YES;
				CLANG_WARN_COMMA = YES;
				CLANG_WARN_CONSTANT_CONVERSION = YES;
				CLANG_WARN_DEPRECATED_OBJC_IMPLEMENTATIONS = YES;
				CLANG_WARN_DIRECT_OBJC_ISA_USAGE = YES_ERROR;
				CLANG_WARN_DOCUMENTATION_COMMENTS = YES;
				CLANG_WARN_EMPTY_BODY = YES;
				CLANG_WARN_ENUM_CONVERSION = YES;
				CLANG_WARN_INFINITE_RECURSION = YES;
				CLANG_WARN_INT_CONVERSION = YES;
				CLANG_WARN_NON_LITERAL_NULL_CONVERSION = YES;
				CLANG_WARN_OBJC_IMPLICIT_RETAIN_SELF = YES;
				CLANG_WARN_OBJC_LITERAL_CONVERSION = YES;
				CLANG_WARN_OBJC_ROOT_CLASS = YES_ERROR;
				CLANG_WARN_RANGE_LOOP_ANALYSIS = YES;
				CLANG_WARN_STRICT_PROTOTYPES = YES;
				CLANG_WARN_SUSPICIOUS_MOVE = YES;
				CLANG_WARN_UNGUARDED_AVAILABILITY = YES_AGGRESSIVE;
				CLANG_WARN_UNREACHABLE_CODE = YES;
				CLANG_WARN__DUPLICATE_METHOD_MATCH = YES;
				CODE_SIGN_IDENTITY = "iPhone Developer";
				COPY_PHASE_STRIP = NO;
				DEBUG_INFORMATION_FORMAT = dwarf;
				ENABLE_STRICT_OBJC_MSGSEND = YES;
				ENABLE_TESTABILITY = YES;
				GCC_C_LANGUAGE_STANDARD = gnu11;
				GCC_DYNAMIC_NO_PIC = NO;
				GCC_NO_COMMON_BLOCKS = YES;
				GCC_OPTIMIZATION_LEVEL = 0;
				GCC_PREPROCESSOR_DEFINITIONS = (
					"DEBUG=1",
					"$(inherited)",
				);
				GCC_WARN_64_TO_32_BIT_CONVERSION = YES;
				GCC_WARN_ABOUT_RETURN_TYPE = YES_ERROR;
				GCC_WARN_UNDECLARED_SELECTOR = YES;
				GCC_WARN_UNINITIALIZED_AUTOS = YES_AGGRESSIVE;
				GCC_WARN_UNUSED_FUNCTION = YES;
				GCC_WARN_UNUSED_VARIABLE = YES;
				IPHONEOS_DEPLOYMENT_TARGET = 12.1;
				MTL_ENABLE_DEBUG_INFO = INCLUDE_SOURCE;
				MTL_FAST_MATH = YES;
				ONLY_ACTIVE_ARCH = YES;
				SDKROOT = iphoneos;
				SWIFT_ACTIVE_COMPILATION_CONDITIONS = DEBUG;
				SWIFT_OPTIMIZATION_LEVEL = "-Onone";
			};
			name = Debug;
		};
		ED086B6722FF31B100016124 /* Release */ = {
			isa = XCBuildConfiguration;
			buildSettings = {
				ALWAYS_SEARCH_USER_PATHS = NO;
				CLANG_ANALYZER_NONNULL = YES;
				CLANG_ANALYZER_NUMBER_OBJECT_CONVERSION = YES_AGGRESSIVE;
				CLANG_CXX_LANGUAGE_STANDARD = "gnu++14";
				CLANG_CXX_LIBRARY = "libc++";
				CLANG_ENABLE_MODULES = YES;
				CLANG_ENABLE_OBJC_ARC = YES;
				CLANG_ENABLE_OBJC_WEAK = YES;
				CLANG_WARN_BLOCK_CAPTURE_AUTORELEASING = YES;
				CLANG_WARN_BOOL_CONVERSION = YES;
				CLANG_WARN_COMMA = YES;
				CLANG_WARN_CONSTANT_CONVERSION = YES;
				CLANG_WARN_DEPRECATED_OBJC_IMPLEMENTATIONS = YES;
				CLANG_WARN_DIRECT_OBJC_ISA_USAGE = YES_ERROR;
				CLANG_WARN_DOCUMENTATION_COMMENTS = YES;
				CLANG_WARN_EMPTY_BODY = YES;
				CLANG_WARN_ENUM_CONVERSION = YES;
				CLANG_WARN_INFINITE_RECURSION = YES;
				CLANG_WARN_INT_CONVERSION = YES;
				CLANG_WARN_NON_LITERAL_NULL_CONVERSION = YES;
				CLANG_WARN_OBJC_IMPLICIT_RETAIN_SELF = YES;
				CLANG_WARN_OBJC_LITERAL_CONVERSION = YES;
				CLANG_WARN_OBJC_ROOT_CLASS = YES_ERROR;
				CLANG_WARN_RANGE_LOOP_ANALYSIS = YES;
				CLANG_WARN_STRICT_PROTOTYPES = YES;
				CLANG_WARN_SUSPICIOUS_MOVE = YES;
				CLANG_WARN_UNGUARDED_AVAILABILITY = YES_AGGRESSIVE;
				CLANG_WARN_UNREACHABLE_CODE = YES;
				CLANG_WARN__DUPLICATE_METHOD_MATCH = YES;
				CODE_SIGN_IDENTITY = "iPhone Developer";
				COPY_PHASE_STRIP = NO;
				DEBUG_INFORMATION_FORMAT = "dwarf-with-dsym";
				ENABLE_NS_ASSERTIONS = NO;
				ENABLE_STRICT_OBJC_MSGSEND = YES;
				GCC_C_LANGUAGE_STANDARD = gnu11;
				GCC_NO_COMMON_BLOCKS = YES;
				GCC_WARN_64_TO_32_BIT_CONVERSION = YES;
				GCC_WARN_ABOUT_RETURN_TYPE = YES_ERROR;
				GCC_WARN_UNDECLARED_SELECTOR = YES;
				GCC_WARN_UNINITIALIZED_AUTOS = YES_AGGRESSIVE;
				GCC_WARN_UNUSED_FUNCTION = YES;
				GCC_WARN_UNUSED_VARIABLE = YES;
				IPHONEOS_DEPLOYMENT_TARGET = 12.1;
				MTL_ENABLE_DEBUG_INFO = NO;
				MTL_FAST_MATH = YES;
				SDKROOT = iphoneos;
				SWIFT_COMPILATION_MODE = wholemodule;
				SWIFT_OPTIMIZATION_LEVEL = "-O";
				VALIDATE_PRODUCT = YES;
			};
			name = Release;
		};
		ED086B6922FF31B100016124 /* Debug */ = {
			isa = XCBuildConfiguration;
			buildSettings = {
				ASSETCATALOG_COMPILER_APPICON_NAME = AppIcon;
				CODE_SIGN_STYLE = Automatic;
				DEVELOPMENT_TEAM = R96S59NFMT;
				INFOPLIST_FILE = MovieBest/Info.plist;
				LD_RUNPATH_SEARCH_PATHS = (
					"$(inherited)",
					"@executable_path/Frameworks",
				);
				PRODUCT_BUNDLE_IDENTIFIER = com.AmrFawzy.MovieBest;
				PRODUCT_NAME = "$(TARGET_NAME)";
				SWIFT_VERSION = 4.2;
				TARGETED_DEVICE_FAMILY = "1,2";
			};
			name = Debug;
		};
		ED086B6A22FF31B100016124 /* Release */ = {
			isa = XCBuildConfiguration;
			buildSettings = {
				ASSETCATALOG_COMPILER_APPICON_NAME = AppIcon;
				CODE_SIGN_STYLE = Automatic;
				DEVELOPMENT_TEAM = R96S59NFMT;
				INFOPLIST_FILE = MovieBest/Info.plist;
				LD_RUNPATH_SEARCH_PATHS = (
					"$(inherited)",
					"@executable_path/Frameworks",
				);
				PRODUCT_BUNDLE_IDENTIFIER = com.AmrFawzy.MovieBest;
				PRODUCT_NAME = "$(TARGET_NAME)";
				SWIFT_VERSION = 4.2;
				TARGETED_DEVICE_FAMILY = "1,2";
			};
			name = Release;
		};
/* End XCBuildConfiguration section */

/* Begin XCConfigurationList section */
		ED086B5122FF31AF00016124 /* Build configuration list for PBXProject "MovieBest" */ = {
			isa = XCConfigurationList;
			buildConfigurations = (
				ED086B6622FF31B100016124 /* Debug */,
				ED086B6722FF31B100016124 /* Release */,
			);
			defaultConfigurationIsVisible = 0;
			defaultConfigurationName = Release;
		};
		ED086B6822FF31B100016124 /* Build configuration list for PBXNativeTarget "MovieBest" */ = {
			isa = XCConfigurationList;
			buildConfigurations = (
				ED086B6922FF31B100016124 /* Debug */,
				ED086B6A22FF31B100016124 /* Release */,
			);
			defaultConfigurationIsVisible = 0;
			defaultConfigurationName = Release;
		};
/* End XCConfigurationList section */
	};
	rootObject = ED086B4E22FF31AF00016124 /* Project object */;
}
