// !$*UTF8*$!
{
	archiveVersion = 1;
	classes = {
	};
	objectVersion = 50;
	objects = {

/* Begin PBXBuildFile section */
		E33C04B3D5FA50044A3DA0C1 /* Pods_MovieBest.framework in Frameworks */ = {isa = PBXBuildFile; fileRef = 8A4FBBC102586E975C37B9DE /* Pods_MovieBest.framework */; };
		ED0213B52301327B0027CAE6 /* Connectivity.swift in Sources */ = {isa = PBXBuildFile; fileRef = ED0213B42301327B0027CAE6 /* Connectivity.swift */; };
		ED086B5A22FF31AF00016124 /* AppDelegate.swift in Sources */ = {isa = PBXBuildFile; fileRef = ED086B5922FF31AF00016124 /* AppDelegate.swift */; };
		ED086B5C22FF31AF00016124 /* LoginVC.swift in Sources */ = {isa = PBXBuildFile; fileRef = ED086B5B22FF31AF00016124 /* LoginVC.swift */; };
		ED086B6122FF31B100016124 /* Assets.xcassets in Resources */ = {isa = PBXBuildFile; fileRef = ED086B6022FF31B100016124 /* Assets.xcassets */; };
		ED086B7022FF321A00016124 /* LaunchScreen.storyboard in Resources */ = {isa = PBXBuildFile; fileRef = ED086B6C22FF321A00016124 /* LaunchScreen.storyboard */; };
		ED086B7122FF321A00016124 /* Main.storyboard in Resources */ = {isa = PBXBuildFile; fileRef = ED086B6E22FF321A00016124 /* Main.storyboard */; };
		ED086B7F22FF331E00016124 /* URLs.swift in Sources */ = {isa = PBXBuildFile; fileRef = ED086B7522FF331E00016124 /* URLs.swift */; };
		ED086B8022FF331E00016124 /* HTTPClient.swift in Sources */ = {isa = PBXBuildFile; fileRef = ED086B7722FF331E00016124 /* HTTPClient.swift */; };
		ED086B8222FF331E00016124 /* Login.swift in Sources */ = {isa = PBXBuildFile; fileRef = ED086B7A22FF331E00016124 /* Login.swift */; };
		ED086B8622FF331E00016124 /* Token.swift in Sources */ = {isa = PBXBuildFile; fileRef = ED086B7E22FF331E00016124 /* Token.swift */; };
		ED086B8822FF391600016124 /* TopRatedVC.swift in Sources */ = {isa = PBXBuildFile; fileRef = ED086B8722FF391600016124 /* TopRatedVC.swift */; };
		ED086B8A22FF398C00016124 /* TopRated.swift in Sources */ = {isa = PBXBuildFile; fileRef = ED086B8922FF398C00016124 /* TopRated.swift */; };
		ED086B8E22FF3A2700016124 /* TopRatedCell.swift in Sources */ = {isa = PBXBuildFile; fileRef = ED086B8C22FF3A2700016124 /* TopRatedCell.swift */; };
		ED086B8F22FF3A2700016124 /* TopRatedCell.xib in Resources */ = {isa = PBXBuildFile; fileRef = ED086B8D22FF3A2700016124 /* TopRatedCell.xib */; };
		ED086B9222FF3A4800016124 /* UIImage+Extentions.swift in Sources */ = {isa = PBXBuildFile; fileRef = ED086B9122FF3A4700016124 /* UIImage+Extentions.swift */; };
		EDABC4E622FF43FD0008B19C /* MovieDetail.swift in Sources */ = {isa = PBXBuildFile; fileRef = EDABC4E522FF43FD0008B19C /* MovieDetail.swift */; };
		EDABC4E822FF440C0008B19C /* MovieDetailsVC.swift in Sources */ = {isa = PBXBuildFile; fileRef = EDABC4E722FF440C0008B19C /* MovieDetailsVC.swift */; };
		EDABC4EA22FF5DA40008B19C /* ProfileVC.swift in Sources */ = {isa = PBXBuildFile; fileRef = EDABC4E922FF5DA40008B19C /* ProfileVC.swift */; };
		EDABC4ED22FF5DCC0008B19C /* Session.swift in Sources */ = {isa = PBXBuildFile; fileRef = EDABC4EB22FF5DCC0008B19C /* Session.swift */; };
		EDABC4EE22FF5DCC0008B19C /* Profile.swift in Sources */ = {isa = PBXBuildFile; fileRef = EDABC4EC22FF5DCC0008B19C /* Profile.swift */; };
/* End PBXBuildFile section */

/* Begin PBXFileReference section */
		12EAF486253B1626D3D981FB /* Pods-MovieBest.debug.xcconfig */ = {isa = PBXFileReference; includeInIndex = 1; lastKnownFileType = text.xcconfig; name = "Pods-MovieBest.debug.xcconfig"; path = "Target Support Files/Pods-MovieBest/Pods-MovieBest.debug.xcconfig"; sourceTree = "<group>"; };
		8A4FBBC102586E975C37B9DE /* Pods_MovieBest.framework */ = {isa = PBXFileReference; explicitFileType = wrapper.framework; includeInIndex = 0; path = Pods_MovieBest.framework; sourceTree = BUILT_PRODUCTS_DIR; };
		B9FA9025F8B166B20602E426 /* Pods-MovieBest.release.xcconfig */ = {isa = PBXFileReference; includeInIndex = 1; lastKnownFileType = text.xcconfig; name = "Pods-MovieBest.release.xcconfig"; path = "Target Support Files/Pods-MovieBest/Pods-MovieBest.release.xcconfig"; sourceTree = "<group>"; };
		ED0213B42301327B0027CAE6 /* Connectivity.swift */ = {isa = PBXFileReference; lastKnownFileType = sourcecode.swift; path = Connectivity.swift; sourceTree = "<group>"; };
		ED03D93123043CD1009DC3CF /* splash (1).jpg */ = {isa = PBXFileReference; lastKnownFileType = image.jpeg; path = "splash (1).jpg"; sourceTree = "<group>"; };
		ED086B5622FF31AF00016124 /* MovieBest.app */ = {isa = PBXFileReference; explicitFileType = wrapper.application; includeInIndex = 0; path = MovieBest.app; sourceTree = BUILT_PRODUCTS_DIR; };
		ED086B5922FF31AF00016124 /* AppDelegate.swift */ = {isa = PBXFileReference; lastKnownFileType = sourcecode.swift; path = AppDelegate.swift; sourceTree = "<group>"; };
		ED086B5B22FF31AF00016124 /* LoginVC.swift */ = {isa = PBXFileReference; lastKnownFileType = sourcecode.swift; path = LoginVC.swift; sourceTree = "<group>"; };
		ED086B6022FF31B100016124 /* Assets.xcassets */ = {isa = PBXFileReference; lastKnownFileType = folder.assetcatalog; path = Assets.xcassets; sourceTree = "<group>"; };
		ED086B6522FF31B100016124 /* Info.plist */ = {isa = PBXFileReference; lastKnownFileType = text.plist.xml; path = Info.plist; sourceTree = "<group>"; };
		ED086B6D22FF321A00016124 /* Base */ = {isa = PBXFileReference; lastKnownFileType = file.storyboard; name = Base; path = Base.lproj/LaunchScreen.storyboard; sourceTree = "<group>"; };
		ED086B6F22FF321A00016124 /* Base */ = {isa = PBXFileReference; lastKnownFileType = file.storyboard; name = Base; path = Base.lproj/Main.storyboard; sourceTree = "<group>"; };
		ED086B7522FF331E00016124 /* URLs.swift */ = {isa = PBXFileReference; fileEncoding = 4; lastKnownFileType = sourcecode.swift; path = URLs.swift; sourceTree = "<group>"; };
		ED086B7722FF331E00016124 /* HTTPClient.swift */ = {isa = PBXFileReference; fileEncoding = 4; lastKnownFileType = sourcecode.swift; path = HTTPClient.swift; sourceTree = "<group>"; };
		ED086B7A22FF331E00016124 /* Login.swift */ = {isa = PBXFileReference; fileEncoding = 4; lastKnownFileType = sourcecode.swift; path = Login.swift; sourceTree = "<group>"; };
		ED086B7E22FF331E00016124 /* Token.swift */ = {isa = PBXFileReference; fileEncoding = 4; lastKnownFileType = sourcecode.swift; path = Token.swift; sourceTree = "<group>"; };
		ED086B8722FF391600016124 /* TopRatedVC.swift */ = {isa = PBXFileReference; fileEncoding = 4; lastKnownFileType = sourcecode.swift; path = TopRatedVC.swift; sourceTree = "<group>"; };
		ED086B8922FF398C00016124 /* TopRated.swift */ = {isa = PBXFileReference; fileEncoding = 4; lastKnownFileType = sourcecode.swift; path = TopRated.swift; sourceTree = "<group>"; };
		ED086B8C22FF3A2700016124 /* TopRatedCell.swift */ = {isa = PBXFileReference; fileEncoding = 4; lastKnownFileType = sourcecode.swift; path = TopRatedCell.swift; sourceTree = "<group>"; };
		ED086B8D22FF3A2700016124 /* TopRatedCell.xib */ = {isa = PBXFileReference; fileEncoding = 4; lastKnownFileType = file.xib; path = TopRatedCell.xib; sourceTree = "<group>"; };
		ED086B9122FF3A4700016124 /* UIImage+Extentions.swift */ = {isa = PBXFileReference; fileEncoding = 4; lastKnownFileType = sourcecode.swift; path = "UIImage+Extentions.swift"; sourceTree = "<group>"; };
		EDABC4E522FF43FD0008B19C /* MovieDetail.swift */ = {isa = PBXFileReference; fileEncoding = 4; lastKnownFileType = sourcecode.swift; path = MovieDetail.swift; sourceTree = "<group>"; };
		EDABC4E722FF440C0008B19C /* MovieDetailsVC.swift */ = {isa = PBXFileReference; fileEncoding = 4; lastKnownFileType = sourcecode.swift; path = MovieDetailsVC.swift; sourceTree = "<group>"; };
		EDABC4E922FF5DA40008B19C /* ProfileVC.swift */ = {isa = PBXFileReference; fileEncoding = 4; lastKnownFileType = sourcecode.swift; path = ProfileVC.swift; sourceTree = "<group>"; };
		EDABC4EB22FF5DCC0008B19C /* Session.swift */ = {isa = PBXFileReference; fileEncoding = 4; lastKnownFileType = sourcecode.swift; path = Session.swift; sourceTree = "<group>"; };
		EDABC4EC22FF5DCC0008B19C /* Profile.swift */ = {isa = PBXFileReference; fileEncoding = 4; lastKnownFileType = sourcecode.swift; path = Profile.swift; sourceTree = "<group>"; };
/* End PBXFileReference section */

/* Begin PBXFrameworksBuildPhase section */
		ED086B5322FF31AF00016124 /* Frameworks */ = {
			isa = PBXFrameworksBuildPhase;
			buildActionMask = 2147483647;
			files = (
				E33C04B3D5FA50044A3DA0C1 /* Pods_MovieBest.framework in Frameworks */,
			);
			runOnlyForDeploymentPostprocessing = 0;
		};
/* End PBXFrameworksBuildPhase section */

/* Begin PBXGroup section */
		5B0B015FB95C8515DEC918A7 /* Frameworks */ = {
			isa = PBXGroup;
			children = (
				8A4FBBC102586E975C37B9DE /* Pods_MovieBest.framework */,
			);
			name = Frameworks;
			sourceTree = "<group>";
		};
		ED03D93023043CC3009DC3CF /* Assets */ = {
			isa = PBXGroup;
			children = (
				ED086B6022FF31B100016124 /* Assets.xcassets */,
				ED03D93123043CD1009DC3CF /* splash (1).jpg */,
			);
			path = Assets;
			sourceTree = "<group>";
		};
		ED086B4D22FF31AF00016124 = {
			isa = PBXGroup;
			children = (
				ED086B5822FF31AF00016124 /* MovieBest */,
				ED086B5722FF31AF00016124 /* Products */,
				FCEF6240FE9E126AC22C9277 /* Pods */,
				5B0B015FB95C8515DEC918A7 /* Frameworks */,
			);
			sourceTree = "<group>";
		};
		ED086B5722FF31AF00016124 /* Products */ = {
			isa = PBXGroup;
			children = (
				ED086B5622FF31AF00016124 /* MovieBest.app */,
			);
			name = Products;
			sourceTree = "<group>";
		};
		ED086B5822FF31AF00016124 /* MovieBest */ = {
			isa = PBXGroup;
			children = (
				ED086B5922FF31AF00016124 /* AppDelegate.swift */,
				ED086B9022FF3A4700016124 /* Extentions */,
				ED086B7322FF331E00016124 /* DataProvider */,
				ED086B8B22FF3A1500016124 /* View */,
				ED086B7222FF32FA00016124 /* Controller */,
				ED086B6B22FF321A00016124 /* StoryBoard */,
				ED03D93023043CC3009DC3CF /* Assets */,
				ED086B6522FF31B100016124 /* Info.plist */,
			);
			path = MovieBest;
			sourceTree = "<group>";
		};
		ED086B6B22FF321A00016124 /* StoryBoard */ = {
			isa = PBXGroup;
			children = (
				ED086B6C22FF321A00016124 /* LaunchScreen.storyboard */,
				ED086B6E22FF321A00016124 /* Main.storyboard */,
			);
			path = StoryBoard;
			sourceTree = "<group>";
		};
		ED086B7222FF32FA00016124 /* Controller */ = {
			isa = PBXGroup;
			children = (
				ED086B5B22FF31AF00016124 /* LoginVC.swift */,
				ED086B8722FF391600016124 /* TopRatedVC.swift */,
				EDABC4E722FF440C0008B19C /* MovieDetailsVC.swift */,
				EDABC4E922FF5DA40008B19C /* ProfileVC.swift */,
			);
			path = Controller;
			sourceTree = "<group>";
		};
		ED086B7322FF331E00016124 /* DataProvider */ = {
			isa = PBXGroup;
			children = (
				ED086B7422FF331E00016124 /* EndPoints */,
				ED086B7622FF331E00016124 /* WebService */,
				ED086B7822FF331E00016124 /* Model */,
			);
			path = DataProvider;
			sourceTree = "<group>";
		};
		ED086B7422FF331E00016124 /* EndPoints */ = {
			isa = PBXGroup;
			children = (
				ED086B7522FF331E00016124 /* URLs.swift */,
			);
			path = EndPoints;
			sourceTree = "<group>";
		};
		ED086B7622FF331E00016124 /* WebService */ = {
			isa = PBXGroup;
			children = (
				ED086B7722FF331E00016124 /* HTTPClient.swift */,
				ED0213B42301327B0027CAE6 /* Connectivity.swift */,
			);
			path = WebService;
			sourceTree = "<group>";
		};
		ED086B7822FF331E00016124 /* Model */ = {
			isa = PBXGroup;
			children = (
				ED086B7A22FF331E00016124 /* Login.swift */,
				ED086B7E22FF331E00016124 /* Token.swift */,
				ED086B8922FF398C00016124 /* TopRated.swift */,
				EDABC4E522FF43FD0008B19C /* MovieDetail.swift */,
				EDABC4EC22FF5DCC0008B19C /* Profile.swift */,
				EDABC4EB22FF5DCC0008B19C /* Session.swift */,
			);
			path = Model;
			sourceTree = "<group>";
		};
		ED086B8B22FF3A1500016124 /* View */ = {
			isa = PBXGroup;
			children = (
				ED086B8C22FF3A2700016124 /* TopRatedCell.swift */,
				ED086B8D22FF3A2700016124 /* TopRatedCell.xib */,
			);
			path = View;
			sourceTree = "<group>";
		};
		ED086B9022FF3A4700016124 /* Extentions */ = {
			isa = PBXGroup;
			children = (
				ED086B9122FF3A4700016124 /* UIImage+Extentions.swift */,
			);
			path = Extentions;
			sourceTree = "<group>";
		};
		FCEF6240FE9E126AC22C9277 /* Pods */ = {
			isa = PBXGroup;
			children = (
				12EAF486253B1626D3D981FB /* Pods-MovieBest.debug.xcconfig */,
				B9FA9025F8B166B20602E426 /* Pods-MovieBest.release.xcconfig */,
			);
			path = Pods;
			sourceTree = "<group>";
		};
/* End PBXGroup section */

/* Begin PBXNativeTarget section */
		ED086B5522FF31AF00016124 /* MovieBest */ = {
			isa = PBXNativeTarget;
			buildConfigurationList = ED086B6822FF31B100016124 /* Build configuration list for PBXNativeTarget "MovieBest" */;
			buildPhases = (
				0F95BFB1F44ED31B36BCD15D /* [CP] Check Pods Manifest.lock */,
				ED086B5222FF31AF00016124 /* Sources */,
				ED086B5322FF31AF00016124 /* Frameworks */,
				ED086B5422FF31AF00016124 /* Resources */,
				C712978C84AFABAF177FE89A /* [CP] Embed Pods Frameworks */,
			);
			buildRules = (
			);
			dependencies = (
			);
			name = MovieBest;
			productName = MovieBest;
			productReference = ED086B5622FF31AF00016124 /* MovieBest.app */;
			productType = "com.apple.product-type.application";
		};
/* End PBXNativeTarget section */

/* Begin PBXProject section */
		ED086B4E22FF31AF00016124 /* Project object */ = {
			isa = PBXProject;
			attributes = {
				LastSwiftUpdateCheck = 1010;
				LastUpgradeCheck = 1010;
				ORGANIZATIONNAME = "Amr fawzy";
				TargetAttributes = {
					ED086B5522FF31AF00016124 = {
						CreatedOnToolsVersion = 10.1;
					};
				};
			};
			buildConfigurationList = ED086B5122FF31AF00016124 /* Build configuration list for PBXProject "MovieBest" */;
			compatibilityVersion = "Xcode 9.3";
			developmentRegion = en;
			hasScannedForEncodings = 0;
			knownRegions = (
				en,
				Base,
			);
			mainGroup = ED086B4D22FF31AF00016124;
			productRefGroup = ED086B5722FF31AF00016124 /* Products */;
			projectDirPath = "";
			projectRoot = "";
			targets = (
				ED086B5522FF31AF00016124 /* MovieBest */,
			);
		};
/* End PBXProject section */

/* Begin PBXResourcesBuildPhase section */
		ED086B5422FF31AF00016124 /* Resources */ = {
			isa = PBXResourcesBuildPhase;
			buildActionMask = 2147483647;
			files = (
				ED086B8F22FF3A2700016124 /* TopRatedCell.xib in Resources */,
				ED086B7122FF321A00016124 /* Main.storyboard in Resources */,
				ED086B6122FF31B100016124 /* Assets.xcassets in Resources */,
				ED086B7022FF321A00016124 /* LaunchScreen.storyboard in Resources */,
			);
			runOnlyForDeploymentPostprocessing = 0;
		};
/* End PBXResourcesBuildPhase section */

/* Begin PBXShellScriptBuildPhase section */
		0F95BFB1F44ED31B36BCD15D /* [CP] Check Pods Manifest.lock */ = {
			isa = PBXShellScriptBuildPhase;
			buildActionMask = 2147483647;
			files = (
			);
			inputFileListPaths = (
			);
			inputPaths = (
				"${PODS_PODFILE_DIR_PATH}/Podfile.lock",
				"${PODS_ROOT}/Manifest.lock",
			);
			name = "[CP] Check Pods Manifest.lock";
			outputFileListPaths = (
			);
			outputPaths = (
				"$(DERIVED_FILE_DIR)/Pods-MovieBest-checkManifestLockResult.txt",
			);
			runOnlyForDeploymentPostprocessing = 0;
			shellPath = /bin/sh;
			shellScript = "diff \"${PODS_PODFILE_DIR_PATH}/Podfile.lock\" \"${PODS_ROOT}/Manifest.lock\" > /dev/null\nif [ $? != 0 ] ; then\n    # print error to STDERR\n    echo \"error: The sandbox is not in sync with the Podfile.lock. Run 'pod install' or update your CocoaPods installation.\" >&2\n    exit 1\nfi\n# This output is used by Xcode 'outputs' to avoid re-running this script phase.\necho \"SUCCESS\" > \"${SCRIPT_OUTPUT_FILE_0}\"\n";
			showEnvVarsInLog = 0;
		};
		C712978C84AFABAF177FE89A /* [CP] Embed Pods Frameworks */ = {
			isa = PBXShellScriptBuildPhase;
			buildActionMask = 2147483647;
			files = (
			);
			inputFileListPaths = (
			);
			inputPaths = (
				"${PODS_ROOT}/Target Support Files/Pods-MovieBest/Pods-MovieBest-frameworks.sh",
				"${BUILT_PRODUCTS_DIR}/Alamofire/Alamofire.framework",
				"${BUILT_PRODUCTS_DIR}/Kingfisher/Kingfisher.framework",
				"${BUILT_PRODUCTS_DIR}/ReachabilitySwift/Reachability.framework",
			);
			name = "[CP] Embed Pods Frameworks";
			outputFileListPaths = (
			);
			outputPaths = (
				"${TARGET_BUILD_DIR}/${FRAMEWORKS_FOLDER_PATH}/Alamofire.framework",
				"${TARGET_BUILD_DIR}/${FRAMEWORKS_FOLDER_PATH}/Kingfisher.framework",
				"${TARGET_BUILD_DIR}/${FRAMEWORKS_FOLDER_PATH}/Reachability.framework",
			);
			runOnlyForDeploymentPostprocessing = 0;
			shellPath = /bin/sh;
			shellScript = "\"${PODS_ROOT}/Target Support Files/Pods-MovieBest/Pods-MovieBest-frameworks.sh\"\n";
			showEnvVarsInLog = 0;
		};
/* End PBXShellScriptBuildPhase section */

/* Begin PBXSourcesBuildPhase section */
		ED086B5222FF31AF00016124 /* Sources */ = {
			isa = PBXSourcesBuildPhase;
			buildActionMask = 2147483647;
			files = (
				EDABC4ED22FF5DCC0008B19C /* Session.swift in Sources */,
				EDABC4EE22FF5DCC0008B19C /* Profile.swift in Sources */,
				ED086B8622FF331E00016124 /* Token.swift in Sources */,
				ED086B8822FF391600016124 /* TopRatedVC.swift in Sources */,
				EDABC4E822FF440C0008B19C /* MovieDetailsVC.swift in Sources */,
				ED086B5C22FF31AF00016124 /* LoginVC.swift in Sources */,
				ED086B7F22FF331E00016124 /* URLs.swift in Sources */,
				ED086B9222FF3A4800016124 /* UIImage+Extentions.swift in Sources */,
				ED086B8E22FF3A2700016124 /* TopRatedCell.swift in Sources */,
				ED086B8A22FF398C00016124 /* TopRated.swift in Sources */,
				EDABC4EA22FF5DA40008B19C /* ProfileVC.swift in Sources */,
				ED086B8222FF331E00016124 /* Login.swift in Sources */,
				ED0213B52301327B0027CAE6 /* Connectivity.swift in Sources */,
				ED086B8022FF331E00016124 /* HTTPClient.swift in Sources */,
				ED086B5A22FF31AF00016124 /* AppDelegate.swift in Sources */,
				EDABC4E622FF43FD0008B19C /* MovieDetail.swift in Sources */,
			);
			runOnlyForDeploymentPostprocessing = 0;
		};
/* End PBXSourcesBuildPhase section */

/* Begin PBXVariantGroup section */
		ED086B6C22FF321A00016124 /* LaunchScreen.storyboard */ = {
			isa = PBXVariantGroup;
			children = (
				ED086B6D22FF321A00016124 /* Base */,
			);
			name = LaunchScreen.storyboard;
			sourceTree = "<group>";
		};
		ED086B6E22FF321A00016124 /* Main.storyboard */ = {
			isa = PBXVariantGroup;
			children = (
				ED086B6F22FF321A00016124 /* Base */,
			);
			name = Main.storyboard;
			sourceTree = "<group>";
		};
/* End PBXVariantGroup section */

/* Begin XCBuildConfiguration section */
		ED086B6622FF31B100016124 /* Debug */ = {
			isa = XCBuildConfiguration;
			buildSettings = {
				ALWAYS_SEARCH_USER_PATHS = NO;
				CLANG_ANALYZER_NONNULL = YES;
				CLANG_ANALYZER_NUMBER_OBJECT_CONVERSION = YES_AGGRESSIVE;
				CLANG_CXX_LANGUAGE_STANDARD = "gnu++14";
				CLANG_CXX_LIBRARY = "libc++";
				CLANG_ENABLE_MODULES = YES;
				CLANG_ENABLE_OBJC_ARC = YES;
				CLANG_ENABLE_OBJC_WEAK = YES;
				CLANG_WARN_BLOCK_CAPTURE_AUTORELEASING = YES;
				CLANG_WARN_BOOL_CONVERSION = YES;
				CLANG_WARN_COMMA = YES;
				CLANG_WARN_CONSTANT_CONVERSION = YES;
				CLANG_WARN_DEPRECATED_OBJC_IMPLEMENTATIONS = YES;
				CLANG_WARN_DIRECT_OBJC_ISA_USAGE = YES_ERROR;
				CLANG_WARN_DOCUMENTATION_COMMENTS = YES;
				CLANG_WARN_EMPTY_BODY = YES;
				CLANG_WARN_ENUM_CONVERSION = YES;
				CLANG_WARN_INFINITE_RECURSION = YES;
				CLANG_WARN_INT_CONVERSION = YES;
				CLANG_WARN_NON_LITERAL_NULL_CONVERSION = YES;
				CLANG_WARN_OBJC_IMPLICIT_RETAIN_SELF = YES;
				CLANG_WARN_OBJC_LITERAL_CONVERSION = YES;
				CLANG_WARN_OBJC_ROOT_CLASS = YES_ERROR;
				CLANG_WARN_RANGE_LOOP_ANALYSIS = YES;
				CLANG_WARN_STRICT_PROTOTYPES = YES;
				CLANG_WARN_SUSPICIOUS_MOVE = YES;
				CLANG_WARN_UNGUARDED_AVAILABILITY = YES_AGGRESSIVE;
				CLANG_WARN_UNREACHABLE_CODE = YES;
				CLANG_WARN__DUPLICATE_METHOD_MATCH = YES;
				CODE_SIGN_IDENTITY = "iPhone Developer";
				COPY_PHASE_STRIP = NO;
				DEBUG_INFORMATION_FORMAT = dwarf;
				ENABLE_STRICT_OBJC_MSGSEND = YES;
				ENABLE_TESTABILITY = YES;
				GCC_C_LANGUAGE_STANDARD = gnu11;
				GCC_DYNAMIC_NO_PIC = NO;
				GCC_NO_COMMON_BLOCKS = YES;
				GCC_OPTIMIZATION_LEVEL = 0;
				GCC_PREPROCESSOR_DEFINITIONS = (
					"DEBUG=1",
					"$(inherited)",
				);
				GCC_WARN_64_TO_32_BIT_CONVERSION = YES;
				GCC_WARN_ABOUT_RETURN_TYPE = YES_ERROR;
				GCC_WARN_UNDECLARED_SELECTOR = YES;
				GCC_WARN_UNINITIALIZED_AUTOS = YES_AGGRESSIVE;
				GCC_WARN_UNUSED_FUNCTION = YES;
				GCC_WARN_UNUSED_VARIABLE = YES;
				IPHONEOS_DEPLOYMENT_TARGET = 12.1;
				MTL_ENABLE_DEBUG_INFO = INCLUDE_SOURCE;
				MTL_FAST_MATH = YES;
				ONLY_ACTIVE_ARCH = YES;
				SDKROOT = iphoneos;
				SWIFT_ACTIVE_COMPILATION_CONDITIONS = DEBUG;
				SWIFT_OPTIMIZATION_LEVEL = "-Onone";
			};
			name = Debug;
		};
		ED086B6722FF31B100016124 /* Release */ = {
			isa = XCBuildConfiguration;
			buildSettings = {
				ALWAYS_SEARCH_USER_PATHS = NO;
				CLANG_ANALYZER_NONNULL = YES;
				CLANG_ANALYZER_NUMBER_OBJECT_CONVERSION = YES_AGGRESSIVE;
				CLANG_CXX_LANGUAGE_STANDARD = "gnu++14";
				CLANG_CXX_LIBRARY = "libc++";
				CLANG_ENABLE_MODULES = YES;
				CLANG_ENABLE_OBJC_ARC = YES;
				CLANG_ENABLE_OBJC_WEAK = YES;
				CLANG_WARN_BLOCK_CAPTURE_AUTORELEASING = YES;
				CLANG_WARN_BOOL_CONVERSION = YES;
				CLANG_WARN_COMMA = YES;
				CLANG_WARN_CONSTANT_CONVERSION = YES;
				CLANG_WARN_DEPRECATED_OBJC_IMPLEMENTATIONS = YES;
				CLANG_WARN_DIRECT_OBJC_ISA_USAGE = YES_ERROR;
				CLANG_WARN_DOCUMENTATION_COMMENTS = YES;
				CLANG_WARN_EMPTY_BODY = YES;
				CLANG_WARN_ENUM_CONVERSION = YES;
				CLANG_WARN_INFINITE_RECURSION = YES;
				CLANG_WARN_INT_CONVERSION = YES;
				CLANG_WARN_NON_LITERAL_NULL_CONVERSION = YES;
				CLANG_WARN_OBJC_IMPLICIT_RETAIN_SELF = YES;
				CLANG_WARN_OBJC_LITERAL_CONVERSION = YES;
				CLANG_WARN_OBJC_ROOT_CLASS = YES_ERROR;
				CLANG_WARN_RANGE_LOOP_ANALYSIS = YES;
				CLANG_WARN_STRICT_PROTOTYPES = YES;
				CLANG_WARN_SUSPICIOUS_MOVE = YES;
				CLANG_WARN_UNGUARDED_AVAILABILITY = YES_AGGRESSIVE;
				CLANG_WARN_UNREACHABLE_CODE = YES;
				CLANG_WARN__DUPLICATE_METHOD_MATCH = YES;
				CODE_SIGN_IDENTITY = "iPhone Developer";
				COPY_PHASE_STRIP = NO;
				DEBUG_INFORMATION_FORMAT = "dwarf-with-dsym";
				ENABLE_NS_ASSERTIONS = NO;
				ENABLE_STRICT_OBJC_MSGSEND = YES;
				GCC_C_LANGUAGE_STANDARD = gnu11;
				GCC_NO_COMMON_BLOCKS = YES;
				GCC_WARN_64_TO_32_BIT_CONVERSION = YES;
				GCC_WARN_ABOUT_RETURN_TYPE = YES_ERROR;
				GCC_WARN_UNDECLARED_SELECTOR = YES;
				GCC_WARN_UNINITIALIZED_AUTOS = YES_AGGRESSIVE;
				GCC_WARN_UNUSED_FUNCTION = YES;
				GCC_WARN_UNUSED_VARIABLE = YES;
				IPHONEOS_DEPLOYMENT_TARGET = 12.1;
				MTL_ENABLE_DEBUG_INFO = NO;
				MTL_FAST_MATH = YES;
				SDKROOT = iphoneos;
				SWIFT_COMPILATION_MODE = wholemodule;
				SWIFT_OPTIMIZATION_LEVEL = "-O";
				VALIDATE_PRODUCT = YES;
			};
			name = Release;
		};
		ED086B6922FF31B100016124 /* Debug */ = {
			isa = XCBuildConfiguration;
			baseConfigurationReference = 12EAF486253B1626D3D981FB /* Pods-MovieBest.debug.xcconfig */;
			buildSettings = {
				ASSETCATALOG_COMPILER_APPICON_NAME = AppIcon;
				CODE_SIGN_STYLE = Automatic;
				DEVELOPMENT_TEAM = R96S59NFMT;
				INFOPLIST_FILE = MovieBest/Info.plist;
				LD_RUNPATH_SEARCH_PATHS = (
					"$(inherited)",
					"@executable_path/Frameworks",
				);
				PRODUCT_BUNDLE_IDENTIFIER = com.AmrFawzy.MovieBest;
				PRODUCT_NAME = "$(TARGET_NAME)";
				SWIFT_VERSION = 4.2;
				TARGETED_DEVICE_FAMILY = "1,2";
			};
			name = Debug;
		};
		ED086B6A22FF31B100016124 /* Release */ = {
			isa = XCBuildConfiguration;
			baseConfigurationReference = B9FA9025F8B166B20602E426 /* Pods-MovieBest.release.xcconfig */;
			buildSettings = {
				ASSETCATALOG_COMPILER_APPICON_NAME = AppIcon;
				CODE_SIGN_STYLE = Automatic;
				DEVELOPMENT_TEAM = R96S59NFMT;
				INFOPLIST_FILE = MovieBest/Info.plist;
				LD_RUNPATH_SEARCH_PATHS = (
					"$(inherited)",
					"@executable_path/Frameworks",
				);
				PRODUCT_BUNDLE_IDENTIFIER = com.AmrFawzy.MovieBest;
				PRODUCT_NAME = "$(TARGET_NAME)";
				SWIFT_VERSION = 4.2;
				TARGETED_DEVICE_FAMILY = "1,2";
			};
			name = Release;
		};
/* End XCBuildConfiguration section */

/* Begin XCConfigurationList section */
		ED086B5122FF31AF00016124 /* Build configuration list for PBXProject "MovieBest" */ = {
			isa = XCConfigurationList;
			buildConfigurations = (
				ED086B6622FF31B100016124 /* Debug */,
				ED086B6722FF31B100016124 /* Release */,
			);
			defaultConfigurationIsVisible = 0;
			defaultConfigurationName = Release;
		};
		ED086B6822FF31B100016124 /* Build configuration list for PBXNativeTarget "MovieBest" */ = {
			isa = XCConfigurationList;
			buildConfigurations = (
				ED086B6922FF31B100016124 /* Debug */,
				ED086B6A22FF31B100016124 /* Release */,
			);
			defaultConfigurationIsVisible = 0;
			defaultConfigurationName = Release;
		};
/* End XCConfigurationList section */
	};
	rootObject = ED086B4E22FF31AF00016124 /* Project object */;
}
